PODS:
  - AeroGearHttp (0.7.0)
  - OHHTTPStubs (5.2.2):
    - OHHTTPStubs/Default (= 5.2.2)
  - OHHTTPStubs/Core (5.2.2)
  - OHHTTPStubs/Default (5.2.2):
    - OHHTTPStubs/Core
    - OHHTTPStubs/JSON
    - OHHTTPStubs/NSURLSession
    - OHHTTPStubs/OHPathHelpers
  - OHHTTPStubs/JSON (5.2.2):
    - OHHTTPStubs/Core
  - OHHTTPStubs/NSURLSession (5.2.2):
    - OHHTTPStubs/Core
  - OHHTTPStubs/OHPathHelpers (5.2.2)

DEPENDENCIES:
  - AeroGearHttp (= 0.7.0)
  - OHHTTPStubs (= 5.2.2)

SPEC CHECKSUMS:
  AeroGearHttp: 4660c8bf5b56cd00a3b75d7c5ecf94774469df5c
  OHHTTPStubs: 34d9d0994e64fcf8552dbfade5ce82ada913ee31

PODFILE CHECKSUM: bc8568312e584d2ab285bc36aac5c5f72bfe44c4

COCOAPODS: 1.1.1
