PODS:
  - AeroGearHttp (1.0.0)
  - CryptoSwift (0.6.7)
  - JSONWebToken (2.0.2):
    - CryptoSwift (~> 0.6.1)
  - OHHTTPStubs (5.2.3):
    - OHHTTPStubs/Default (= 5.2.3)
  - OHHTTPStubs/Core (5.2.3)
  - OHHTTPStubs/Default (5.2.3):
    - OHHTTPStubs/Core
    - OHHTTPStubs/JSON
    - OHHTTPStubs/NSURLSession
    - OHHTTPStubs/OHPathHelpers
  - OHHTTPStubs/JSON (5.2.3):
    - OHHTTPStubs/Core
  - OHHTTPStubs/NSURLSession (5.2.3):
    - OHHTTPStubs/Core
  - OHHTTPStubs/OHPathHelpers (5.2.3)

DEPENDENCIES:
  - AeroGearHttp (= 1.0.0)
  - JSONWebToken (= 2.0.2)
  - OHHTTPStubs (= 5.2.3)

SPEC CHECKSUMS:
  AeroGearHttp: 8c825d4563439f565196f52efe80e15f0055109a
  CryptoSwift: 685ae257941e5447474348a2b545583e1a16b573
  JSONWebToken: ca86f02eeb3d1f58ba5197ec2cd53c7de915ecc1
  OHHTTPStubs: e238cd5b66d8efa51c861db45895de8fe079f4a7

PODFILE CHECKSUM: cf7938e2f5f5d6ccc0c56922b4bca928dcd4aa2b

COCOAPODS: 1.2.0.beta.1
