PODS:
  - AeroGearHttp (0.7.0)
  - OHHTTPStubs (5.1.0):
    - OHHTTPStubs/Default (= 5.1.0)
  - OHHTTPStubs/Core (5.1.0)
  - OHHTTPStubs/Default (5.1.0):
    - OHHTTPStubs/Core
    - OHHTTPStubs/JSON
    - OHHTTPStubs/NSURLSession
    - OHHTTPStubs/OHPathHelpers
  - OHHTTPStubs/JSON (5.1.0):
    - OHHTTPStubs/Core
  - OHHTTPStubs/NSURLSession (5.1.0):
    - OHHTTPStubs/Core
  - OHHTTPStubs/OHPathHelpers (5.1.0)
  - OHHTTPStubs/Swift (5.1.0):
    - OHHTTPStubs/Core

DEPENDENCIES:
  - AeroGearHttp (= 0.7.0)
  - OHHTTPStubs (= 5.1.0)
  - OHHTTPStubs/Swift (= 5.1.0)

SPEC CHECKSUMS:
  AeroGearHttp: 4660c8bf5b56cd00a3b75d7c5ecf94774469df5c
  OHHTTPStubs: 592f74439d2d72615115cf99a954237a3fbe26e5

PODFILE CHECKSUM: 48ba7945536354740f5f83a2601aa5e997c4c4be

COCOAPODS: 1.1.0.beta.1
