// !$*UTF8*$!
{
	archiveVersion = 1;
	classes = {
	};
	objectVersion = 46;
	objects = {

/* Begin PBXBuildFile section */
		4814EF4B19C1C0FA008BAC4D /* TrustedPersistantOAuth2Session.swift in Sources */ = {isa = PBXBuildFile; fileRef = 4814EF4919C1C0FA008BAC4D /* TrustedPersistantOAuth2Session.swift */; };
		4814EF4C19C1C0FA008BAC4D /* UntrustedMemoryOAuth2Session.swift in Sources */ = {isa = PBXBuildFile; fileRef = 4814EF4A19C1C0FA008BAC4D /* UntrustedMemoryOAuth2Session.swift */; };
		4814EF4E19C1C10C008BAC4D /* FacebookOAuth2Module.swift in Sources */ = {isa = PBXBuildFile; fileRef = 4814EF4D19C1C10C008BAC4D /* FacebookOAuth2Module.swift */; };
		4833046819AF1635002F8DA9 /* AeroGearOAuth2.h in Headers */ = {isa = PBXBuildFile; fileRef = 4833046719AF1635002F8DA9 /* AeroGearOAuth2.h */; settings = {ATTRIBUTES = (Public, ); }; };
		483304A019AF327D002F8DA9 /* AccountManager.swift in Sources */ = {isa = PBXBuildFile; fileRef = 4833049F19AF327D002F8DA9 /* AccountManager.swift */; };
		483304A519AF44DF002F8DA9 /* Config.swift in Sources */ = {isa = PBXBuildFile; fileRef = 483304A419AF44DF002F8DA9 /* Config.swift */; };
		4872F71619EFE7D100F3FDE8 /* DateUtils.swift in Sources */ = {isa = PBXBuildFile; fileRef = 4872F71519EFE7D100F3FDE8 /* DateUtils.swift */; };
		4872F71A19EFE80F00F3FDE8 /* DateUtilsTest.swift in Sources */ = {isa = PBXBuildFile; fileRef = 4872F71919EFE80F00F3FDE8 /* DateUtilsTest.swift */; };
		48C94D8019C1F0970000ABBB /* OAuth2ModuleTest.swift in Sources */ = {isa = PBXBuildFile; fileRef = 48C94D7F19C1F0970000ABBB /* OAuth2ModuleTest.swift */; };
		48CD52D719B0C1CB008D0694 /* OAuth2Module.swift in Sources */ = {isa = PBXBuildFile; fileRef = 48CD52D619B0C1CB008D0694 /* OAuth2Module.swift */; };
		48CD52DD19B0C22A008D0694 /* OAuth2Session.swift in Sources */ = {isa = PBXBuildFile; fileRef = 48CD52DC19B0C22A008D0694 /* OAuth2Session.swift */; };
		48CD52DF19B0CB5A008D0694 /* OAuth2SessionTest.swift in Sources */ = {isa = PBXBuildFile; fileRef = 48CD52DE19B0CB5A008D0694 /* OAuth2SessionTest.swift */; };
		48DE90A619CDEAEE007F9B21 /* KeycloakOAuth2Module.swift in Sources */ = {isa = PBXBuildFile; fileRef = 48DE90A519CDEAEE007F9B21 /* KeycloakOAuth2Module.swift */; };
		6F1432B61A168589003BEE5B /* AeroGearHttp.framework in Copy Frameworks */ = {isa = PBXBuildFile; fileRef = 4833048B19AF28D9002F8DA9 /* AeroGearHttp.framework */; settings = {ATTRIBUTES = (CodeSignOnCopy, RemoveHeadersOnCopy, ); }; };
		6F1432B71A16858E003BEE5B /* AGURLSessionStubs.framework in Copy Frameworks */ = {isa = PBXBuildFile; fileRef = 4833048119AF28AD002F8DA9 /* AGURLSessionStubs.framework */; settings = {ATTRIBUTES = (CodeSignOnCopy, RemoveHeadersOnCopy, ); }; };
		6F1432B81A168594003BEE5B /* AeroGearOAuth2.framework in Copy Frameworks */ = {isa = PBXBuildFile; fileRef = 4833046219AF1635002F8DA9 /* AeroGearOAuth2.framework */; settings = {ATTRIBUTES = (CodeSignOnCopy, RemoveHeadersOnCopy, ); }; };
/* End PBXBuildFile section */

/* Begin PBXContainerItemProxy section */
		4833048019AF28AD002F8DA9 /* PBXContainerItemProxy */ = {
			isa = PBXContainerItemProxy;
			containerPortal = 4833047B19AF28AD002F8DA9 /* AGURLSessionStubs.xcodeproj */;
			proxyType = 2;
			remoteGlobalIDString = 6F3C40A1197BCCD80072D66A;
			remoteInfo = AGURLSessionStubs;
		};
		4833048219AF28AD002F8DA9 /* PBXContainerItemProxy */ = {
			isa = PBXContainerItemProxy;
			containerPortal = 4833047B19AF28AD002F8DA9 /* AGURLSessionStubs.xcodeproj */;
			proxyType = 2;
			remoteGlobalIDString = 6F3C40AC197BCCD80072D66A;
			remoteInfo = AGURLSessionStubsTests;
		};
		4833048A19AF28D9002F8DA9 /* PBXContainerItemProxy */ = {
			isa = PBXContainerItemProxy;
			containerPortal = 4833048419AF28D9002F8DA9 /* AeroGearHttp.xcodeproj */;
			proxyType = 2;
			remoteGlobalIDString = 488B6B5C196B19BC000297C9;
			remoteInfo = AeroGearHttp;
		};
		4833048C19AF28D9002F8DA9 /* PBXContainerItemProxy */ = {
			isa = PBXContainerItemProxy;
			containerPortal = 4833048419AF28D9002F8DA9 /* AeroGearHttp.xcodeproj */;
			proxyType = 2;
			remoteGlobalIDString = 488B6B67196B19BC000297C9;
			remoteInfo = AeroGearHttpTests;
		};
		6FC65AEC19D16BB4001B59B4 /* PBXContainerItemProxy */ = {
			isa = PBXContainerItemProxy;
			containerPortal = 4833048419AF28D9002F8DA9 /* AeroGearHttp.xcodeproj */;
			proxyType = 1;
			remoteGlobalIDString = 488B6B5B196B19BC000297C9;
			remoteInfo = AeroGearHttp;
		};
		6FC65AEE19D16BCE001B59B4 /* PBXContainerItemProxy */ = {
			isa = PBXContainerItemProxy;
			containerPortal = 4833045919AF1635002F8DA9 /* Project object */;
			proxyType = 1;
			remoteGlobalIDString = 4833046119AF1635002F8DA9;
			remoteInfo = AeroGearOAuth2;
		};
		6FC65AF019D16BD3001B59B4 /* PBXContainerItemProxy */ = {
			isa = PBXContainerItemProxy;
			containerPortal = 4833048419AF28D9002F8DA9 /* AeroGearHttp.xcodeproj */;
			proxyType = 1;
			remoteGlobalIDString = 488B6B5B196B19BC000297C9;
			remoteInfo = AeroGearHttp;
		};
		6FC65AF219D16BD6001B59B4 /* PBXContainerItemProxy */ = {
			isa = PBXContainerItemProxy;
			containerPortal = 4833047B19AF28AD002F8DA9 /* AGURLSessionStubs.xcodeproj */;
			proxyType = 1;
			remoteGlobalIDString = 6F3C40A0197BCCD80072D66A;
			remoteInfo = AGURLSessionStubs;
		};
/* End PBXContainerItemProxy section */

/* Begin PBXCopyFilesBuildPhase section */
		6F1432B31A16857C003BEE5B /* Copy Frameworks */ = {
			isa = PBXCopyFilesBuildPhase;
			buildActionMask = 2147483647;
			dstPath = "";
			dstSubfolderSpec = 10;
			files = (
				6F1432B81A168594003BEE5B /* AeroGearOAuth2.framework in Copy Frameworks */,
				6F1432B71A16858E003BEE5B /* AGURLSessionStubs.framework in Copy Frameworks */,
				6F1432B61A168589003BEE5B /* AeroGearHttp.framework in Copy Frameworks */,
			);
			name = "Copy Frameworks";
			runOnlyForDeploymentPostprocessing = 0;
		};
/* End PBXCopyFilesBuildPhase section */

/* Begin PBXFileReference section */
		4814EF4919C1C0FA008BAC4D /* TrustedPersistantOAuth2Session.swift */ = {isa = PBXFileReference; fileEncoding = 4; lastKnownFileType = sourcecode.swift; path = TrustedPersistantOAuth2Session.swift; sourceTree = "<group>"; };
		4814EF4A19C1C0FA008BAC4D /* UntrustedMemoryOAuth2Session.swift */ = {isa = PBXFileReference; fileEncoding = 4; lastKnownFileType = sourcecode.swift; path = UntrustedMemoryOAuth2Session.swift; sourceTree = "<group>"; };
		4814EF4D19C1C10C008BAC4D /* FacebookOAuth2Module.swift */ = {isa = PBXFileReference; fileEncoding = 4; lastKnownFileType = sourcecode.swift; path = FacebookOAuth2Module.swift; sourceTree = "<group>"; };
		4833046219AF1635002F8DA9 /* AeroGearOAuth2.framework */ = {isa = PBXFileReference; explicitFileType = wrapper.framework; includeInIndex = 0; path = AeroGearOAuth2.framework; sourceTree = BUILT_PRODUCTS_DIR; };
		4833046619AF1635002F8DA9 /* Info.plist */ = {isa = PBXFileReference; lastKnownFileType = text.plist.xml; path = Info.plist; sourceTree = "<group>"; };
		4833046719AF1635002F8DA9 /* AeroGearOAuth2.h */ = {isa = PBXFileReference; lastKnownFileType = sourcecode.c.h; path = AeroGearOAuth2.h; sourceTree = "<group>"; };
		4833046D19AF1635002F8DA9 /* AeroGearOAuth2Tests.xctest */ = {isa = PBXFileReference; explicitFileType = wrapper.cfbundle; includeInIndex = 0; path = AeroGearOAuth2Tests.xctest; sourceTree = BUILT_PRODUCTS_DIR; };
		4833047019AF1635002F8DA9 /* Info.plist */ = {isa = PBXFileReference; lastKnownFileType = text.plist.xml; path = Info.plist; sourceTree = "<group>"; };
		4833047B19AF28AD002F8DA9 /* AGURLSessionStubs.xcodeproj */ = {isa = PBXFileReference; lastKnownFileType = "wrapper.pb-project"; name = AGURLSessionStubs.xcodeproj; path = "aerogear-ios-httpstub/AGURLSessionStubs.xcodeproj"; sourceTree = SOURCE_ROOT; };
		4833048419AF28D9002F8DA9 /* AeroGearHttp.xcodeproj */ = {isa = PBXFileReference; lastKnownFileType = "wrapper.pb-project"; name = AeroGearHttp.xcodeproj; path = "aerogear-ios-http/AeroGearHttp.xcodeproj"; sourceTree = SOURCE_ROOT; };
		4833049F19AF327D002F8DA9 /* AccountManager.swift */ = {isa = PBXFileReference; fileEncoding = 4; lastKnownFileType = sourcecode.swift; path = AccountManager.swift; sourceTree = "<group>"; };
		483304A419AF44DF002F8DA9 /* Config.swift */ = {isa = PBXFileReference; fileEncoding = 4; lastKnownFileType = sourcecode.swift; path = Config.swift; sourceTree = "<group>"; };
		4872F71519EFE7D100F3FDE8 /* DateUtils.swift */ = {isa = PBXFileReference; fileEncoding = 4; lastKnownFileType = sourcecode.swift; path = DateUtils.swift; sourceTree = "<group>"; };
		4872F71919EFE80F00F3FDE8 /* DateUtilsTest.swift */ = {isa = PBXFileReference; fileEncoding = 4; lastKnownFileType = sourcecode.swift; path = DateUtilsTest.swift; sourceTree = "<group>"; };
		48C94D7F19C1F0970000ABBB /* OAuth2ModuleTest.swift */ = {isa = PBXFileReference; fileEncoding = 4; lastKnownFileType = sourcecode.swift; path = OAuth2ModuleTest.swift; sourceTree = "<group>"; };
		48CD52D619B0C1CB008D0694 /* OAuth2Module.swift */ = {isa = PBXFileReference; fileEncoding = 4; lastKnownFileType = sourcecode.swift; path = OAuth2Module.swift; sourceTree = "<group>"; };
		48CD52DC19B0C22A008D0694 /* OAuth2Session.swift */ = {isa = PBXFileReference; fileEncoding = 4; lastKnownFileType = sourcecode.swift; path = OAuth2Session.swift; sourceTree = "<group>"; };
		48CD52DE19B0CB5A008D0694 /* OAuth2SessionTest.swift */ = {isa = PBXFileReference; fileEncoding = 4; lastKnownFileType = sourcecode.swift; path = OAuth2SessionTest.swift; sourceTree = "<group>"; };
		48DE90A519CDEAEE007F9B21 /* KeycloakOAuth2Module.swift */ = {isa = PBXFileReference; fileEncoding = 4; lastKnownFileType = sourcecode.swift; path = KeycloakOAuth2Module.swift; sourceTree = "<group>"; };
/* End PBXFileReference section */

/* Begin PBXFrameworksBuildPhase section */
		4833045E19AF1635002F8DA9 /* Frameworks */ = {
			isa = PBXFrameworksBuildPhase;
			buildActionMask = 2147483647;
			files = (
			);
			runOnlyForDeploymentPostprocessing = 0;
		};
		4833046A19AF1635002F8DA9 /* Frameworks */ = {
			isa = PBXFrameworksBuildPhase;
			buildActionMask = 2147483647;
			files = (
			);
			runOnlyForDeploymentPostprocessing = 0;
		};
/* End PBXFrameworksBuildPhase section */

/* Begin PBXGroup section */
		4833045819AF1635002F8DA9 = {
			isa = PBXGroup;
			children = (
				4833046419AF1635002F8DA9 /* AeroGearOAuth2 */,
				4833046E19AF1635002F8DA9 /* AeroGearOAuth2Tests */,
				4833046319AF1635002F8DA9 /* Products */,
			);
			sourceTree = "<group>";
		};
		4833046319AF1635002F8DA9 /* Products */ = {
			isa = PBXGroup;
			children = (
				4833046219AF1635002F8DA9 /* AeroGearOAuth2.framework */,
				4833046D19AF1635002F8DA9 /* AeroGearOAuth2Tests.xctest */,
			);
			name = Products;
			sourceTree = "<group>";
		};
		4833046419AF1635002F8DA9 /* AeroGearOAuth2 */ = {
			isa = PBXGroup;
			children = (
				4833046719AF1635002F8DA9 /* AeroGearOAuth2.h */,
				4833046519AF1635002F8DA9 /* Supporting Files */,
				4833049F19AF327D002F8DA9 /* AccountManager.swift */,
				483304A419AF44DF002F8DA9 /* Config.swift */,
				48CD52D619B0C1CB008D0694 /* OAuth2Module.swift */,
				48CD52DC19B0C22A008D0694 /* OAuth2Session.swift */,
				4872F71519EFE7D100F3FDE8 /* DateUtils.swift */,
				4814EF4919C1C0FA008BAC4D /* TrustedPersistantOAuth2Session.swift */,
				4814EF4A19C1C0FA008BAC4D /* UntrustedMemoryOAuth2Session.swift */,
				4814EF4D19C1C10C008BAC4D /* FacebookOAuth2Module.swift */,
				48DE90A519CDEAEE007F9B21 /* KeycloakOAuth2Module.swift */,
			);
			path = AeroGearOAuth2;
			sourceTree = "<group>";
		};
		4833046519AF1635002F8DA9 /* Supporting Files */ = {
			isa = PBXGroup;
			children = (
				4833048419AF28D9002F8DA9 /* AeroGearHttp.xcodeproj */,
				4833046619AF1635002F8DA9 /* Info.plist */,
			);
			name = "Supporting Files";
			sourceTree = "<group>";
		};
		4833046E19AF1635002F8DA9 /* AeroGearOAuth2Tests */ = {
			isa = PBXGroup;
			children = (
				48CD52DE19B0CB5A008D0694 /* OAuth2SessionTest.swift */,
				4872F71919EFE80F00F3FDE8 /* DateUtilsTest.swift */,
				48C94D7F19C1F0970000ABBB /* OAuth2ModuleTest.swift */,
				4833046F19AF1635002F8DA9 /* Supporting Files */,
			);
			path = AeroGearOAuth2Tests;
			sourceTree = "<group>";
		};
		4833046F19AF1635002F8DA9 /* Supporting Files */ = {
			isa = PBXGroup;
			children = (
				4833047B19AF28AD002F8DA9 /* AGURLSessionStubs.xcodeproj */,
				4833047019AF1635002F8DA9 /* Info.plist */,
			);
			name = "Supporting Files";
			sourceTree = "<group>";
		};
		4833047C19AF28AD002F8DA9 /* Products */ = {
			isa = PBXGroup;
			children = (
				4833048119AF28AD002F8DA9 /* AGURLSessionStubs.framework */,
				4833048319AF28AD002F8DA9 /* AGURLSessionStubsTests.xctest */,
			);
			name = Products;
			sourceTree = "<group>";
		};
		4833048519AF28D9002F8DA9 /* Products */ = {
			isa = PBXGroup;
			children = (
				4833048B19AF28D9002F8DA9 /* AeroGearHttp.framework */,
				4833048D19AF28D9002F8DA9 /* AeroGearHttpTests.xctest */,
			);
			name = Products;
			sourceTree = "<group>";
		};
/* End PBXGroup section */

/* Begin PBXHeadersBuildPhase section */
		4833045F19AF1635002F8DA9 /* Headers */ = {
			isa = PBXHeadersBuildPhase;
			buildActionMask = 2147483647;
			files = (
				4833046819AF1635002F8DA9 /* AeroGearOAuth2.h in Headers */,
			);
			runOnlyForDeploymentPostprocessing = 0;
		};
/* End PBXHeadersBuildPhase section */

/* Begin PBXNativeTarget section */
		4833046119AF1635002F8DA9 /* AeroGearOAuth2 */ = {
			isa = PBXNativeTarget;
			buildConfigurationList = 4833047519AF1635002F8DA9 /* Build configuration list for PBXNativeTarget "AeroGearOAuth2" */;
			buildPhases = (
				4833045D19AF1635002F8DA9 /* Sources */,
				4833045E19AF1635002F8DA9 /* Frameworks */,
				4833045F19AF1635002F8DA9 /* Headers */,
				4833046019AF1635002F8DA9 /* Resources */,
			);
			buildRules = (
			);
			dependencies = (
				6FC65AED19D16BB4001B59B4 /* PBXTargetDependency */,
			);
			name = AeroGearOAuth2;
			productName = AeroGearOAuth2;
			productReference = 4833046219AF1635002F8DA9 /* AeroGearOAuth2.framework */;
			productType = "com.apple.product-type.framework";
		};
		4833046C19AF1635002F8DA9 /* AeroGearOAuth2Tests */ = {
			isa = PBXNativeTarget;
			buildConfigurationList = 4833047819AF1635002F8DA9 /* Build configuration list for PBXNativeTarget "AeroGearOAuth2Tests" */;
			buildPhases = (
				4833046919AF1635002F8DA9 /* Sources */,
				4833046A19AF1635002F8DA9 /* Frameworks */,
				4833046B19AF1635002F8DA9 /* Resources */,
				6F1432B31A16857C003BEE5B /* Copy Frameworks */,
			);
			buildRules = (
			);
			dependencies = (
				6FC65AF319D16BD6001B59B4 /* PBXTargetDependency */,
				6FC65AF119D16BD3001B59B4 /* PBXTargetDependency */,
				6FC65AEF19D16BCE001B59B4 /* PBXTargetDependency */,
			);
			name = AeroGearOAuth2Tests;
			productName = AeroGearOAuth2Tests;
			productReference = 4833046D19AF1635002F8DA9 /* AeroGearOAuth2Tests.xctest */;
			productType = "com.apple.product-type.bundle.unit-test";
		};
/* End PBXNativeTarget section */

/* Begin PBXProject section */
		4833045919AF1635002F8DA9 /* Project object */ = {
			isa = PBXProject;
			attributes = {
				LastUpgradeCheck = 0600;
				ORGANIZATIONNAME = aerogear;
				TargetAttributes = {
					4833046119AF1635002F8DA9 = {
						CreatedOnToolsVersion = 6.0;
					};
					4833046C19AF1635002F8DA9 = {
						CreatedOnToolsVersion = 6.0;
					};
				};
			};
			buildConfigurationList = 4833045C19AF1635002F8DA9 /* Build configuration list for PBXProject "AeroGearOAuth2" */;
			compatibilityVersion = "Xcode 3.2";
			developmentRegion = English;
			hasScannedForEncodings = 0;
			knownRegions = (
				en,
			);
			mainGroup = 4833045819AF1635002F8DA9;
			productRefGroup = 4833046319AF1635002F8DA9 /* Products */;
			projectDirPath = "";
			projectReferences = (
				{
					ProductGroup = 4833048519AF28D9002F8DA9 /* Products */;
					ProjectRef = 4833048419AF28D9002F8DA9 /* AeroGearHttp.xcodeproj */;
				},
				{
					ProductGroup = 4833047C19AF28AD002F8DA9 /* Products */;
					ProjectRef = 4833047B19AF28AD002F8DA9 /* AGURLSessionStubs.xcodeproj */;
				},
			);
			projectRoot = "";
			targets = (
				4833046119AF1635002F8DA9 /* AeroGearOAuth2 */,
				4833046C19AF1635002F8DA9 /* AeroGearOAuth2Tests */,
			);
		};
/* End PBXProject section */

/* Begin PBXReferenceProxy section */
		4833048119AF28AD002F8DA9 /* AGURLSessionStubs.framework */ = {
			isa = PBXReferenceProxy;
			fileType = wrapper.framework;
			path = AGURLSessionStubs.framework;
			remoteRef = 4833048019AF28AD002F8DA9 /* PBXContainerItemProxy */;
			sourceTree = BUILT_PRODUCTS_DIR;
		};
		4833048319AF28AD002F8DA9 /* AGURLSessionStubsTests.xctest */ = {
			isa = PBXReferenceProxy;
			fileType = wrapper.cfbundle;
			path = AGURLSessionStubsTests.xctest;
			remoteRef = 4833048219AF28AD002F8DA9 /* PBXContainerItemProxy */;
			sourceTree = BUILT_PRODUCTS_DIR;
		};
		4833048B19AF28D9002F8DA9 /* AeroGearHttp.framework */ = {
			isa = PBXReferenceProxy;
			fileType = wrapper.framework;
			path = AeroGearHttp.framework;
			remoteRef = 4833048A19AF28D9002F8DA9 /* PBXContainerItemProxy */;
			sourceTree = BUILT_PRODUCTS_DIR;
		};
		4833048D19AF28D9002F8DA9 /* AeroGearHttpTests.xctest */ = {
			isa = PBXReferenceProxy;
			fileType = wrapper.cfbundle;
			path = AeroGearHttpTests.xctest;
			remoteRef = 4833048C19AF28D9002F8DA9 /* PBXContainerItemProxy */;
			sourceTree = BUILT_PRODUCTS_DIR;
		};
/* End PBXReferenceProxy section */

/* Begin PBXResourcesBuildPhase section */
		4833046019AF1635002F8DA9 /* Resources */ = {
			isa = PBXResourcesBuildPhase;
			buildActionMask = 2147483647;
			files = (
			);
			runOnlyForDeploymentPostprocessing = 0;
		};
		4833046B19AF1635002F8DA9 /* Resources */ = {
			isa = PBXResourcesBuildPhase;
			buildActionMask = 2147483647;
			files = (
			);
			runOnlyForDeploymentPostprocessing = 0;
		};
/* End PBXResourcesBuildPhase section */

/* Begin PBXSourcesBuildPhase section */
		4833045D19AF1635002F8DA9 /* Sources */ = {
			isa = PBXSourcesBuildPhase;
			buildActionMask = 2147483647;
			files = (
				483304A019AF327D002F8DA9 /* AccountManager.swift in Sources */,
				48DE90A619CDEAEE007F9B21 /* KeycloakOAuth2Module.swift in Sources */,
				48CD52DD19B0C22A008D0694 /* OAuth2Session.swift in Sources */,
				48CD52D719B0C1CB008D0694 /* OAuth2Module.swift in Sources */,
				4872F71619EFE7D100F3FDE8 /* DateUtils.swift in Sources */,
				4814EF4B19C1C0FA008BAC4D /* TrustedPersistantOAuth2Session.swift in Sources */,
				4814EF4E19C1C10C008BAC4D /* FacebookOAuth2Module.swift in Sources */,
				483304A519AF44DF002F8DA9 /* Config.swift in Sources */,
				4814EF4C19C1C0FA008BAC4D /* UntrustedMemoryOAuth2Session.swift in Sources */,
			);
			runOnlyForDeploymentPostprocessing = 0;
		};
		4833046919AF1635002F8DA9 /* Sources */ = {
			isa = PBXSourcesBuildPhase;
			buildActionMask = 2147483647;
			files = (
				4872F71A19EFE80F00F3FDE8 /* DateUtilsTest.swift in Sources */,
				48C94D8019C1F0970000ABBB /* OAuth2ModuleTest.swift in Sources */,
				48CD52DF19B0CB5A008D0694 /* OAuth2SessionTest.swift in Sources */,
			);
			runOnlyForDeploymentPostprocessing = 0;
		};
/* End PBXSourcesBuildPhase section */

/* Begin PBXTargetDependency section */
		6FC65AED19D16BB4001B59B4 /* PBXTargetDependency */ = {
			isa = PBXTargetDependency;
			name = AeroGearHttp;
			targetProxy = 6FC65AEC19D16BB4001B59B4 /* PBXContainerItemProxy */;
		};
		6FC65AEF19D16BCE001B59B4 /* PBXTargetDependency */ = {
			isa = PBXTargetDependency;
			target = 4833046119AF1635002F8DA9 /* AeroGearOAuth2 */;
			targetProxy = 6FC65AEE19D16BCE001B59B4 /* PBXContainerItemProxy */;
		};
		6FC65AF119D16BD3001B59B4 /* PBXTargetDependency */ = {
			isa = PBXTargetDependency;
			name = AeroGearHttp;
			targetProxy = 6FC65AF019D16BD3001B59B4 /* PBXContainerItemProxy */;
		};
		6FC65AF319D16BD6001B59B4 /* PBXTargetDependency */ = {
			isa = PBXTargetDependency;
			name = AGURLSessionStubs;
			targetProxy = 6FC65AF219D16BD6001B59B4 /* PBXContainerItemProxy */;
		};
/* End PBXTargetDependency section */

/* Begin XCBuildConfiguration section */
		4833047319AF1635002F8DA9 /* Debug */ = {
			isa = XCBuildConfiguration;
			buildSettings = {
				ALWAYS_SEARCH_USER_PATHS = NO;
				CLANG_CXX_LANGUAGE_STANDARD = "gnu++0x";
				CLANG_CXX_LIBRARY = "libc++";
				CLANG_ENABLE_MODULES = YES;
				CLANG_ENABLE_OBJC_ARC = YES;
				CLANG_WARN_BOOL_CONVERSION = YES;
				CLANG_WARN_CONSTANT_CONVERSION = YES;
				CLANG_WARN_DIRECT_OBJC_ISA_USAGE = YES_ERROR;
				CLANG_WARN_EMPTY_BODY = YES;
				CLANG_WARN_ENUM_CONVERSION = YES;
				CLANG_WARN_INT_CONVERSION = YES;
				CLANG_WARN_OBJC_ROOT_CLASS = YES_ERROR;
				CLANG_WARN_UNREACHABLE_CODE = YES;
				CLANG_WARN__DUPLICATE_METHOD_MATCH = YES;
				"CODE_SIGN_IDENTITY[sdk=iphoneos*]" = "iPhone Developer";
				COPY_PHASE_STRIP = NO;
				CURRENT_PROJECT_VERSION = 1;
				ENABLE_STRICT_OBJC_MSGSEND = YES;
				GCC_C_LANGUAGE_STANDARD = gnu99;
				GCC_DYNAMIC_NO_PIC = NO;
				GCC_OPTIMIZATION_LEVEL = 0;
				GCC_PREPROCESSOR_DEFINITIONS = (
					"DEBUG=1",
					"$(inherited)",
				);
				GCC_SYMBOLS_PRIVATE_EXTERN = NO;
				GCC_WARN_64_TO_32_BIT_CONVERSION = YES;
				GCC_WARN_ABOUT_RETURN_TYPE = YES_ERROR;
				GCC_WARN_UNDECLARED_SELECTOR = YES;
				GCC_WARN_UNINITIALIZED_AUTOS = YES_AGGRESSIVE;
				GCC_WARN_UNUSED_FUNCTION = YES;
				GCC_WARN_UNUSED_VARIABLE = YES;
				IPHONEOS_DEPLOYMENT_TARGET = 8.0;
				MTL_ENABLE_DEBUG_INFO = YES;
				ONLY_ACTIVE_ARCH = YES;
				SDKROOT = iphoneos;
				SWIFT_OPTIMIZATION_LEVEL = "-Onone";
				TARGETED_DEVICE_FAMILY = "1,2";
				VERSIONING_SYSTEM = "apple-generic";
				VERSION_INFO_PREFIX = "";
			};
			name = Debug;
		};
		4833047419AF1635002F8DA9 /* Release */ = {
			isa = XCBuildConfiguration;
			buildSettings = {
				ALWAYS_SEARCH_USER_PATHS = NO;
				CLANG_CXX_LANGUAGE_STANDARD = "gnu++0x";
				CLANG_CXX_LIBRARY = "libc++";
				CLANG_ENABLE_MODULES = YES;
				CLANG_ENABLE_OBJC_ARC = YES;
				CLANG_WARN_BOOL_CONVERSION = YES;
				CLANG_WARN_CONSTANT_CONVERSION = YES;
				CLANG_WARN_DIRECT_OBJC_ISA_USAGE = YES_ERROR;
				CLANG_WARN_EMPTY_BODY = YES;
				CLANG_WARN_ENUM_CONVERSION = YES;
				CLANG_WARN_INT_CONVERSION = YES;
				CLANG_WARN_OBJC_ROOT_CLASS = YES_ERROR;
				CLANG_WARN_UNREACHABLE_CODE = YES;
				CLANG_WARN__DUPLICATE_METHOD_MATCH = YES;
				"CODE_SIGN_IDENTITY[sdk=iphoneos*]" = "iPhone Developer";
				COPY_PHASE_STRIP = YES;
				CURRENT_PROJECT_VERSION = 1;
				ENABLE_NS_ASSERTIONS = NO;
				ENABLE_STRICT_OBJC_MSGSEND = YES;
				GCC_C_LANGUAGE_STANDARD = gnu99;
				GCC_WARN_64_TO_32_BIT_CONVERSION = YES;
				GCC_WARN_ABOUT_RETURN_TYPE = YES_ERROR;
				GCC_WARN_UNDECLARED_SELECTOR = YES;
				GCC_WARN_UNINITIALIZED_AUTOS = YES_AGGRESSIVE;
				GCC_WARN_UNUSED_FUNCTION = YES;
				GCC_WARN_UNUSED_VARIABLE = YES;
				IPHONEOS_DEPLOYMENT_TARGET = 8.0;
				MTL_ENABLE_DEBUG_INFO = NO;
				SDKROOT = iphoneos;
				TARGETED_DEVICE_FAMILY = "1,2";
				VALIDATE_PRODUCT = YES;
				VERSIONING_SYSTEM = "apple-generic";
				VERSION_INFO_PREFIX = "";
			};
			name = Release;
		};
		4833047619AF1635002F8DA9 /* Debug */ = {
			isa = XCBuildConfiguration;
			buildSettings = {
				CLANG_ENABLE_MODULES = YES;
				DEFINES_MODULE = YES;
				DYLIB_COMPATIBILITY_VERSION = 1;
				DYLIB_CURRENT_VERSION = 1;
				DYLIB_INSTALL_NAME_BASE = "@rpath";
				INFOPLIST_FILE = AeroGearOAuth2/Info.plist;
				INSTALL_PATH = "$(LOCAL_LIBRARY_DIR)/Frameworks";
				LD_RUNPATH_SEARCH_PATHS = "$(inherited) @executable_path/Frameworks @loader_path/Frameworks";
				PRODUCT_NAME = "$(TARGET_NAME)";
				SKIP_INSTALL = YES;
				SWIFT_OPTIMIZATION_LEVEL = "-Onone";
			};
			name = Debug;
		};
		4833047719AF1635002F8DA9 /* Release */ = {
			isa = XCBuildConfiguration;
			buildSettings = {
				CLANG_ENABLE_MODULES = YES;
				DEFINES_MODULE = YES;
				DYLIB_COMPATIBILITY_VERSION = 1;
				DYLIB_CURRENT_VERSION = 1;
				DYLIB_INSTALL_NAME_BASE = "@rpath";
				INFOPLIST_FILE = AeroGearOAuth2/Info.plist;
				INSTALL_PATH = "$(LOCAL_LIBRARY_DIR)/Frameworks";
				LD_RUNPATH_SEARCH_PATHS = "$(inherited) @executable_path/Frameworks @loader_path/Frameworks";
				PRODUCT_NAME = "$(TARGET_NAME)";
				SKIP_INSTALL = YES;
			};
			name = Release;
		};
		4833047919AF1635002F8DA9 /* Debug */ = {
			isa = XCBuildConfiguration;
			buildSettings = {
				FRAMEWORK_SEARCH_PATHS = (
					"$(SDKROOT)/Developer/Library/Frameworks",
					"$(inherited)",
				);
				GCC_PREPROCESSOR_DEFINITIONS = (
					"DEBUG=1",
					"$(inherited)",
				);
				INFOPLIST_FILE = AeroGearOAuth2Tests/Info.plist;
				LD_RUNPATH_SEARCH_PATHS = "$(inherited) @executable_path/Frameworks @loader_path/Frameworks";
				PRODUCT_NAME = "$(TARGET_NAME)";
			};
			name = Debug;
		};
		4833047A19AF1635002F8DA9 /* Release */ = {
			isa = XCBuildConfiguration;
			buildSettings = {
				FRAMEWORK_SEARCH_PATHS = (
					"$(SDKROOT)/Developer/Library/Frameworks",
					"$(inherited)",
				);
				INFOPLIST_FILE = AeroGearOAuth2Tests/Info.plist;
				LD_RUNPATH_SEARCH_PATHS = "$(inherited) @executable_path/Frameworks @loader_path/Frameworks";
				PRODUCT_NAME = "$(TARGET_NAME)";
			};
			name = Release;
		};
/* End XCBuildConfiguration section */

/* Begin XCConfigurationList section */
		4833045C19AF1635002F8DA9 /* Build configuration list for PBXProject "AeroGearOAuth2" */ = {
			isa = XCConfigurationList;
			buildConfigurations = (
				4833047319AF1635002F8DA9 /* Debug */,
				4833047419AF1635002F8DA9 /* Release */,
			);
			defaultConfigurationIsVisible = 0;
			defaultConfigurationName = Release;
		};
		4833047519AF1635002F8DA9 /* Build configuration list for PBXNativeTarget "AeroGearOAuth2" */ = {
			isa = XCConfigurationList;
			buildConfigurations = (
				4833047619AF1635002F8DA9 /* Debug */,
				4833047719AF1635002F8DA9 /* Release */,
			);
			defaultConfigurationIsVisible = 0;
			defaultConfigurationName = Release;
		};
		4833047819AF1635002F8DA9 /* Build configuration list for PBXNativeTarget "AeroGearOAuth2Tests" */ = {
			isa = XCConfigurationList;
			buildConfigurations = (
				4833047919AF1635002F8DA9 /* Debug */,
				4833047A19AF1635002F8DA9 /* Release */,
			);
			defaultConfigurationIsVisible = 0;
			defaultConfigurationName = Release;
		};
/* End XCConfigurationList section */
	};
	rootObject = 4833045919AF1635002F8DA9 /* Project object */;
}
